
Microsoft Visual Studio Solution File, Format Version 12.00
# Visual Studio 15
VisualStudioVersion = 15.0.28307.705
MinimumVisualStudioVersion = 10.0.40219.1
Project("{FAE04EC0-301F-11D3-BF4B-00C04F79EFBC}") = "DBModelsMigration", "DBModelsMigration\DBModelsMigration.csproj", "{1C6AE42D-DD24-497C-9EDE-B37A8F61FB71}"
EndProject
Global
	GlobalSection(SolutionConfigurationPlatforms) = preSolution
		Debug|Any CPU = Debug|Any CPU
		Release|Any CPU = Release|Any CPU
	EndGlobalSection
	GlobalSection(ProjectConfigurationPlatforms) = postSolution
		{1C6AE42D-DD24-497C-9EDE-B37A8F61FB71}.Debug|Any CPU.ActiveCfg = Debug|Any CPU
		{1C6AE42D-DD24-497C-9EDE-B37A8F61FB71}.Debug|Any CPU.Build.0 = Debug|Any CPU
		{1C6AE42D-DD24-497C-9EDE-B37A8F61FB71}.Release|Any CPU.ActiveCfg = Release|Any CPU
		{1C6AE42D-DD24-497C-9EDE-B37A8F61FB71}.Release|Any CPU.Build.0 = Release|Any CPU
	EndGlobalSection
	GlobalSection(SolutionProperties) = preSolution
		HideSolutionNode = FALSE
	EndGlobalSection
	GlobalSection(ExtensibilityGlobals) = postSolution
		SolutionGuid = {8E0A287B-2CB7-44F8-805B-BA8991ACB3C9}
	EndGlobalSection
EndGlobal
